{
    "_meta": {
        "hash": {
            "sha256": "17bfceefb6e34137aebb92b0ab63458e83d445fe52195135c6757efbf5ca8bf6"
        },
        "pipfile-spec": 6,
        "requires": {
            "python_version": "3.8"
        },
        "sources": [
            {
                "name": "pypi",
                "url": "https://pypi.org/simple",
                "verify_ssl": true
            }
        ]
    },
    "default": {
        "prompt-toolkit": {
            "hashes": [
                "sha256:859e1b205b6cf6a51fa57fa34202e45365cf58f8338f0ee9f4e84a4165b37d5b",
                "sha256:ebe6b1b08c888b84c50d7f93dee21a09af39860144ff6130aadbd61ae8d29783"
            ],
            "version": "==3.0.4"
        },
        "watson-overloaded": {
            "editable": true,
            "path": "."
        },
        "wcwidth": {
            "hashes": [
                "sha256:8fd29383f539be45b20bd4df0dc29c20ba48654a41e661925e612311e9f3c603",
                "sha256:f28b3e8a6483e5d49e7f8949ac1a78314e740333ae305b4ba5defd3e74fb37a8"
            ],
            "version": "==0.1.8"
        }
    },
    "develop": {}
}
